{
  "name": "flow2spec-workspace",
  "version": "3.5.0",
  "lockfileVersion": 3,
  "requires": true,
  "packages": {
    "": {
      "name": "flow2spec-workspace",
      "version": "3.5.0",
      "workspaces": [
        "packages/core",
        "packages/cli"
      ],
      "dependencies": {
        "@double-coding/flow2spec-core": "^3.5.0"
      },
      "engines": {
        "node": ">=16"
      }
    },
    "node_modules/@double-coding/flow2spec": {
      "resolved": "packages/cli",
      "link": true
    },
    "node_modules/@double-coding/flow2spec-core": {
      "resolved": "packages/core",
      "link": true
    },
    "packages/cli": {
      "name": "@double-coding/flow2spec",
      "version": "3.5.0",
      "license": "ISC",
      "dependencies": {
        "@double-coding/flow2spec-core": "3.5.0"
      },
      "bin": {
        "flow2spec": "cli.js"
      },
      "engines": {
        "node": ">=16"
      }
    },
    "packages/core": {
      "name": "@double-coding/flow2spec-core",
      "version": "3.5.0",
      "license": "ISC",
      "engines": {
        "node": ">=16"
      }
    }
  }
}
